
Microsoft Visual Studio Solution File, Format Version 12.00
# Visual Studio Version 17
VisualStudioVersion = 17.3.32901.215
MinimumVisualStudioVersion = 10.0.40219.1
Project("{FAE04EC0-301F-11D3-BF4B-00C04F79EFBC}") = "OopTest", "OopTest\OopTest.csproj", "{F9C2BF2B-7D94-4D3E-945F-39B12841BA48}"
EndProject
Project("{FAE04EC0-301F-11D3-BF4B-00C04F79EFBC}") = "OopTest2", "OopTest2\OopTest2.csproj", "{44FA7191-C9D8-48DC-927F-DBA5D3008264}"
EndProject
Project("{FAE04EC0-301F-11D3-BF4B-00C04F79EFBC}") = "Area", "Area\Area.csproj", "{200EC559-0730-4017-B74E-095E842EC626}"
EndProject
Global
	GlobalSection(SolutionConfigurationPlatforms) = preSolution
		Debug|Any CPU = Debug|Any CPU
		Release|Any CPU = Release|Any CPU
	EndGlobalSection
	GlobalSection(ProjectConfigurationPlatforms) = postSolution
		{F9C2BF2B-7D94-4D3E-945F-39B12841BA48}.Debug|Any CPU.ActiveCfg = Debug|Any CPU
		{F9C2BF2B-7D94-4D3E-945F-39B12841BA48}.Debug|Any CPU.Build.0 = Debug|Any CPU
		{F9C2BF2B-7D94-4D3E-945F-39B12841BA48}.Release|Any CPU.ActiveCfg = Release|Any CPU
		{F9C2BF2B-7D94-4D3E-945F-39B12841BA48}.Release|Any CPU.Build.0 = Release|Any CPU
		{44FA7191-C9D8-48DC-927F-DBA5D3008264}.Debug|Any CPU.ActiveCfg = Debug|Any CPU
		{44FA7191-C9D8-48DC-927F-DBA5D3008264}.Debug|Any CPU.Build.0 = Debug|Any CPU
		{44FA7191-C9D8-48DC-927F-DBA5D3008264}.Release|Any CPU.ActiveCfg = Release|Any CPU
		{44FA7191-C9D8-48DC-927F-DBA5D3008264}.Release|Any CPU.Build.0 = Release|Any CPU
		{200EC559-0730-4017-B74E-095E842EC626}.Debug|Any CPU.ActiveCfg = Debug|Any CPU
		{200EC559-0730-4017-B74E-095E842EC626}.Debug|Any CPU.Build.0 = Debug|Any CPU
		{200EC559-0730-4017-B74E-095E842EC626}.Release|Any CPU.ActiveCfg = Release|Any CPU
		{200EC559-0730-4017-B74E-095E842EC626}.Release|Any CPU.Build.0 = Release|Any CPU
	EndGlobalSection
	GlobalSection(SolutionProperties) = preSolution
		HideSolutionNode = FALSE
	EndGlobalSection
	GlobalSection(ExtensibilityGlobals) = postSolution
		SolutionGuid = {D2784032-27B2-4957-BB08-AD0F1F5D8210}
	EndGlobalSection
EndGlobal
